
Microsoft Visual Studio Solution File, Format Version 12.00
# Visual Studio Version 16
VisualStudioVersion = 16.0.30011.22
MinimumVisualStudioVersion = 10.0.40219.1
Project("{FAE04EC0-301F-11D3-BF4B-00C04F79EFBC}") = "Test1", "TestTP\Test1.csproj", "{B2ABDEEF-7FED-410C-A12C-57C0497C9DA6}"
EndProject
Global
	GlobalSection(SolutionConfigurationPlatforms) = preSolution
		Debug|Any CPU = Debug|Any CPU
		Release|Any CPU = Release|Any CPU
	EndGlobalSection
	GlobalSection(ProjectConfigurationPlatforms) = postSolution
		{B2ABDEEF-7FED-410C-A12C-57C0497C9DA6}.Debug|Any CPU.ActiveCfg = Debug|Any CPU
		{B2ABDEEF-7FED-410C-A12C-57C0497C9DA6}.Debug|Any CPU.Build.0 = Debug|Any CPU
		{B2ABDEEF-7FED-410C-A12C-57C0497C9DA6}.Release|Any CPU.ActiveCfg = Release|Any CPU
		{B2ABDEEF-7FED-410C-A12C-57C0497C9DA6}.Release|Any CPU.Build.0 = Release|Any CPU
	EndGlobalSection
	GlobalSection(SolutionProperties) = preSolution
		HideSolutionNode = FALSE
	EndGlobalSection
	GlobalSection(ExtensibilityGlobals) = postSolution
		SolutionGuid = {D06C07B7-738E-4A0A-B095-4EB133481F91}
	EndGlobalSection
EndGlobal
